
Microsoft Visual Studio Solution File, Format Version 12.00
# Visual Studio Version 16
VisualStudioVersion = 16.0.30503.244
MinimumVisualStudioVersion = 10.0.40219.1
Project("{FAE04EC0-301F-11D3-BF4B-00C04F79EFBC}") = "Sahika", "Sahika\Sahika.csproj", "{EEB101BB-9F1E-4F13-AFEF-099596E1A14C}"
EndProject
Global
	GlobalSection(SolutionConfigurationPlatforms) = preSolution
		Debug|Any CPU = Debug|Any CPU
		Release|Any CPU = Release|Any CPU
	EndGlobalSection
	GlobalSection(ProjectConfigurationPlatforms) = postSolution
		{EEB101BB-9F1E-4F13-AFEF-099596E1A14C}.Debug|Any CPU.ActiveCfg = Debug|Any CPU
		{EEB101BB-9F1E-4F13-AFEF-099596E1A14C}.Debug|Any CPU.Build.0 = Debug|Any CPU
		{EEB101BB-9F1E-4F13-AFEF-099596E1A14C}.Release|Any CPU.ActiveCfg = Release|Any CPU
		{EEB101BB-9F1E-4F13-AFEF-099596E1A14C}.Release|Any CPU.Build.0 = Release|Any CPU
	EndGlobalSection
	GlobalSection(SolutionProperties) = preSolution
		HideSolutionNode = FALSE
	EndGlobalSection
	GlobalSection(ExtensibilityGlobals) = postSolution
		SolutionGuid = {A03F9A75-7239-48CE-9D5C-6DE1AD089613}
	EndGlobalSection
EndGlobal
